GEM
  remote: https://rubygems.org/
  specs:
    rails (7.0.6)
      actioncable (= 7.0.6)
      actionmailer (= 7.0.6)
    actioncable (7.0.6)
      actionpack (= 7.0.6)
    actionpack (7.0.6)
      actionview (= 7.0.6)
    actionview (7.0.6)
    rspec (3.12.0)
      rspec-core (~> 3.12.0)

PLATFORMS
  ruby

DEPENDENCIES
  rails (~> 7.0.6)
  rspec (~> 3.12)
