{
  "name": "my-app",
  "version": "1.0.0",
  "lockfileVersion": 2,
  "requires": true,
  "packages": {
    "": {
      "name": "my-app",
      "version": "1.0.0",
      "dependencies": {
        "express": "^4.18.2"
      },
      "devDependencies": {
        "jest": "^29.0.0"
      }
    },
    "node_modules/express": {
      "version": "4.18.2",
      "license": "MIT",
      "dependencies": {
        "accepts": "~1.3.8"
      }
    },
    "node_modules/accepts": {
      "version": "1.3.8",
      "license": "MIT"
    },
    "node_modules/jest": {
      "version": "29.6.3",
      "dev": true,
      "license": "MIT"
    }
  }
}
